
Microsoft Visual Studio Solution File, Format Version 12.00
# Visual Studio Version 17
VisualStudioVersion = 17.7.34003.232
MinimumVisualStudioVersion = 10.0.40219.1
Project("{8BC9CEB8-8B4A-11D0-8D11-00A0C91BC942}") = "StockWidget", "StockWidget\StockWidget.vcxproj", "{FA57B562-530D-46FE-B1E5-AC669E737F60}"
EndProject
Global
	GlobalSection(SolutionConfigurationPlatforms) = preSolution
		Debug|x64 = Debug|x64
		Debug|x86 = Debug|x86
		Release|x64 = Release|x64
		Release|x86 = Release|x86
	EndGlobalSection
	GlobalSection(ProjectConfigurationPlatforms) = postSolution
		{FA57B562-530D-46FE-B1E5-AC669E737F60}.Debug|x64.ActiveCfg = Debug|x64
		{FA57B562-530D-46FE-B1E5-AC669E737F60}.Debug|x64.Build.0 = Debug|x64
		{FA57B562-530D-46FE-B1E5-AC669E737F60}.Debug|x86.ActiveCfg = Debug|Win32
		{FA57B562-530D-46FE-B1E5-AC669E737F60}.Debug|x86.Build.0 = Debug|Win32
		{FA57B562-530D-46FE-B1E5-AC669E737F60}.Release|x64.ActiveCfg = Release|x64
		{FA57B562-530D-46FE-B1E5-AC669E737F60}.Release|x64.Build.0 = Release|x64
		{FA57B562-530D-46FE-B1E5-AC669E737F60}.Release|x86.ActiveCfg = Release|Win32
		{FA57B562-530D-46FE-B1E5-AC669E737F60}.Release|x86.Build.0 = Release|Win32
	EndGlobalSection
	GlobalSection(SolutionProperties) = preSolution
		HideSolutionNode = FALSE
	EndGlobalSection
	GlobalSection(ExtensibilityGlobals) = postSolution
		SolutionGuid = {89474847-2AB5-4D43-A302-80D203E71B07}
	EndGlobalSection
EndGlobal
