<?xml version="1.0" encoding="utf-8"?>
<Project ToolsVersion="4.0" xmlns="http://schemas.microsoft.com/developer/msbuild/2003">
  <ItemGroup>
    <Filter Include="Source Files">
      <UniqueIdentifier>{4FC737F1-C7A5-4376-A066-2A32D752A2FF}</UniqueIdentifier>
      <Extensions>cpp;c;cc;cxx;c++;cppm;ixx;def;odl;idl;hpj;bat;asm;asmx</Extensions>
    </Filter>
    <Filter Include="Header Files">
      <UniqueIdentifier>{93995380-89BD-4b04-88EB-625FBE52EBFB}</UniqueIdentifier>
      <Extensions>h;hh;hpp;hxx;h++;hm;inl;inc;ipp;xsd</Extensions>
    </Filter>
    <Filter Include="Resource Files">
      <UniqueIdentifier>{67DA6AB6-F800-4c08-8B7A-83BB121AAD01}</UniqueIdentifier>
      <Extensions>rc;ico;cur;bmp;dlg;rc2;rct;bin;rgs;gif;jpg;jpeg;jpe;resx;tiff;tif;png;wav;mfcribbon-ms</Extensions>
    </Filter>
    <Filter Include="Header Files\Questrade">
      <UniqueIdentifier>{4081fe3a-d539-4d49-84d8-1800a18378cd}</UniqueIdentifier>
    </Filter>
    <Filter Include="Source Files\FileManager">
      <UniqueIdentifier>{cd5e20f5-99ba-4819-8be2-04ac8d83fabb}</UniqueIdentifier>
    </Filter>
    <Filter Include="Header Files\FileManager">
      <UniqueIdentifier>{e0365f3b-0ad2-4744-9adf-6681f5756107}</UniqueIdentifier>
    </Filter>
    <Filter Include="Source Files\Questrade">
      <UniqueIdentifier>{7355eef6-78bd-4463-bb39-fbe714b76f8c}</UniqueIdentifier>
    </Filter>
    <Filter Include="Header Files\nlohmann">
      <UniqueIdentifier>{37f56069-958a-49dc-b771-007b01db7440}</UniqueIdentifier>
    </Filter>
    <Filter Include="Source Files\Network">
      <UniqueIdentifier>{e3db7b47-02d5-43c8-ad6d-45fee89f6b4a}</UniqueIdentifier>
    </Filter>
    <Filter Include="Header Files\Network">
      <UniqueIdentifier>{b840d3b0-8e65-44a4-be10-2967bd2020fa}</UniqueIdentifier>
    </Filter>
    <Filter Include="Source Files\View">
      <UniqueIdentifier>{f497b787-bcf3-445e-9fbd-8e573ab50e61}</UniqueIdentifier>
    </Filter>
    <Filter Include="Header Files\View">
      <UniqueIdentifier>{8fc9122a-ac89-48d1-bb1d-06e9eb7baaa0}</UniqueIdentifier>
    </Filter>
  </ItemGroup>
  <ItemGroup>
    <ClInclude Include="include\api\framework.h">
      <Filter>Header Files</Filter>
    </ClInclude>
    <ClInclude Include="include\api\targetver.h">
      <Filter>Header Files</Filter>
    </ClInclude>
    <ClInclude Include="include\utility\Toolbox.h">
      <Filter>Header Files</Filter>
    </ClInclude>
    <ClInclude Include="include\utility\json.hpp">
      <Filter>Header Files\nlohmann</Filter>
    </ClInclude>
    <ClInclude Include="include\controller\WinHttp.h">
      <Filter>Header Files\Network</Filter>
    </ClInclude>
    <ClInclude Include="include\utility\RequestError.h">
      <Filter>Header Files\Network</Filter>
    </ClInclude>
    <ClInclude Include="include\controller\StockUpdater.h">
      <Filter>Header Files</Filter>
    </ClInclude>
    <ClInclude Include="resource.h">
      <Filter>Header Files</Filter>
    </ClInclude>
    <ClInclude Include="include\controller\ConfigHandler.h">
      <Filter>Header Files</Filter>
    </ClInclude>
    <ClInclude Include="include\controller\Authentication.h">
      <Filter>Header Files</Filter>
    </ClInclude>
    <ClInclude Include="include\model\questrade\Quote.h">
      <Filter>Header Files</Filter>
    </ClInclude>
    <ClInclude Include="include\view\RefreshToken.h">
      <Filter>Header Files</Filter>
    </ClInclude>
    <ClInclude Include="include\controller\RequestHandler.h">
      <Filter>Header Files</Filter>
    </ClInclude>
    <ClInclude Include="include\view\Search.h">
      <Filter>Header Files</Filter>
    </ClInclude>
    <ClInclude Include="include\view\StockWidget.h">
      <Filter>Header Files</Filter>
    </ClInclude>
    <ClInclude Include="include\model\questrade\Symbol.h">
      <Filter>Header Files</Filter>
    </ClInclude>
    <ClInclude Include="include\view\Settings.h">
      <Filter>Header Files</Filter>
    </ClInclude>
    <ClInclude Include="include\model\HandlerPackage.h">
      <Filter>Header Files</Filter>
    </ClInclude>
  </ItemGroup>
  <ItemGroup>
    <ClCompile Include="src\utility\Toolbox.cpp">
      <Filter>Source Files</Filter>
    </ClCompile>
    <ClCompile Include="src\controller\WinHttp.cpp">
      <Filter>Source Files\Network</Filter>
    </ClCompile>
    <ClCompile Include="src\utility\RequestError.cpp">
      <Filter>Source Files\Network</Filter>
    </ClCompile>
    <ClCompile Include="src\view\Settings.cpp">
      <Filter>Source Files</Filter>
    </ClCompile>
    <ClCompile Include="include\model\ApplicationSettings.h">
      <Filter>Header Files</Filter>
    </ClCompile>
    <ClCompile Include="src\controller\Authentication.cpp">
      <Filter>Source Files</Filter>
    </ClCompile>
    <ClCompile Include="src\controller\ConfigHandler.cpp">
      <Filter>Source Files</Filter>
    </ClCompile>
    <ClCompile Include="src\model\questrade\Quote.cpp">
      <Filter>Source Files</Filter>
    </ClCompile>
    <ClCompile Include="src\view\RefreshToken.cpp">
      <Filter>Source Files</Filter>
    </ClCompile>
    <ClCompile Include="src\controller\RequestHandler.cpp">
      <Filter>Source Files</Filter>
    </ClCompile>
    <ClCompile Include="src\view\Search.cpp">
      <Filter>Source Files</Filter>
    </ClCompile>
    <ClCompile Include="src\view\StockWidget.cpp">
      <Filter>Source Files</Filter>
    </ClCompile>
    <ClCompile Include="src\model\questrade\Symbol.cpp">
      <Filter>Source Files</Filter>
    </ClCompile>
  </ItemGroup>
  <ItemGroup>
    <ResourceCompile Include="StockWidget.rc">
      <Filter>Resource Files</Filter>
    </ResourceCompile>
  </ItemGroup>
  <ItemGroup>
    <Image Include="media\small.ico">
      <Filter>Resource Files</Filter>
    </Image>
    <Image Include="media\StockWidget.ico">
      <Filter>Resource Files</Filter>
    </Image>
  </ItemGroup>
  <ItemGroup>
    <None Include="..\README.md" />
    <None Include="..\.gitignore" />
  </ItemGroup>
</Project>